
Microsoft Visual Studio Solution File, Format Version 12.00
# Visual Studio Version 17
VisualStudioVersion = 17.11.35312.102
MinimumVisualStudioVersion = 10.0.40219.1
Project("{FAE04EC0-301F-11D3-BF4B-00C04F79EFBC}") = "jdiazExamen", "jdiazExamen.csproj", "{AF61C430-A96F-404D-A419-ACDED80D1A43}"
EndProject
Global
	GlobalSection(SolutionConfigurationPlatforms) = preSolution
		Debug|Any CPU = Debug|Any CPU
		Release|Any CPU = Release|Any CPU
	EndGlobalSection
	GlobalSection(ProjectConfigurationPlatforms) = postSolution
		{AF61C430-A96F-404D-A419-ACDED80D1A43}.Debug|Any CPU.ActiveCfg = Debug|Any CPU
		{AF61C430-A96F-404D-A419-ACDED80D1A43}.Debug|Any CPU.Build.0 = Debug|Any CPU
		{AF61C430-A96F-404D-A419-ACDED80D1A43}.Debug|Any CPU.Deploy.0 = Debug|Any CPU
		{AF61C430-A96F-404D-A419-ACDED80D1A43}.Release|Any CPU.ActiveCfg = Release|Any CPU
		{AF61C430-A96F-404D-A419-ACDED80D1A43}.Release|Any CPU.Build.0 = Release|Any CPU
		{AF61C430-A96F-404D-A419-ACDED80D1A43}.Release|Any CPU.Deploy.0 = Release|Any CPU
	EndGlobalSection
	GlobalSection(SolutionProperties) = preSolution
		HideSolutionNode = FALSE
	EndGlobalSection
	GlobalSection(ExtensibilityGlobals) = postSolution
		SolutionGuid = {464F3FFF-0877-44E5-9995-36AE9AE05A7D}
	EndGlobalSection
EndGlobal
